{
  "nodes": {
    "home-manager": {
      "inputs": {
        "nixpkgs": [
          "nixpkgs"
        ]
      },
      "locked": {
        "lastModified": 1767902174,
        "narHash": "sha256-QRFN1ZColYxWM0qboTeST46LGxmsEnHTObGkbyS87GI=",
        "owner": "nix-community",
        "repo": "home-manager",
        "rev": "a2cc7b0babaec66350a1f1e23db083c4c041de9a",
        "type": "github"
      },
      "original": {
        "owner": "nix-community",
        "repo": "home-manager",
        "type": "github"
      }
    },
    "nixpkgs": {
      "locked": {
        "lastModified": 1767767207,
        "narHash": "sha256-Mj3d3PfwltLmukFal5i3fFt27L6NiKXdBezC1EBuZs4=",
        "owner": "NixOS",
        "repo": "nixpkgs",
        "rev": "5912c1772a44e31bf1c63c0390b90501e5026886",
        "type": "github"
      },
      "original": {
        "id": "nixpkgs",
        "ref": "nixos-unstable",
        "type": "indirect"
      }
    },
    "noctalia": {
      "inputs": {
        "nixpkgs": [
          "nixpkgs"
        ]
      },
      "locked": {
        "lastModified": 1767903357,
        "narHash": "sha256-D/ygboBf7AW9o3H2wLE2Xg0Gw5sD2J7Oh7aFFdmG4tQ=",
        "owner": "noctalia-dev",
        "repo": "noctalia-shell",
        "rev": "fb4615f09e202fd2969a65c48dd6b1fa996ae1e0",
        "type": "github"
      },
      "original": {
        "owner": "noctalia-dev",
        "repo": "noctalia-shell",
        "type": "github"
      }
    },
    "quickshell": {
      "inputs": {
        "nixpkgs": [
          "nixpkgs"
        ]
      },
      "locked": {
        "lastModified": 1767874269,
        "narHash": "sha256-++tlVUxW8nq0uqbcU1h7X0QQnOehY3/EWUCOr1kbVvM=",
        "owner": "outfoxxed",
        "repo": "quickshell",
        "rev": "5d8354a88be2ce2c16add7457c94e29f6e7c3684",
        "type": "github"
      },
      "original": {
        "owner": "outfoxxed",
        "repo": "quickshell",
        "type": "github"
      }
    },
    "root": {
      "inputs": {
        "home-manager": "home-manager",
        "nixpkgs": "nixpkgs",
        "noctalia": "noctalia",
        "quickshell": "quickshell"
      }
    }
  },
  "root": "root",
  "version": 7
}
